
Microsoft Visual Studio Solution File, Format Version 12.00
# Visual Studio Version 17
VisualStudioVersion = 17.1.32210.238
MinimumVisualStudioVersion = 10.0.40219.1
Project("{9A19103F-16F7-4668-BE54-9A1E7A4F7556}") = "Dwarves", "Dwarves.csproj", "{3A4FB893-1148-4E16-B548-867647DF1724}"
EndProject
Global
	GlobalSection(SolutionConfigurationPlatforms) = preSolution
		Debug|Any CPU = Debug|Any CPU
		Release|Any CPU = Release|Any CPU
		RW1.4Unstable|Any CPU = RW1.4Unstable|Any CPU
	EndGlobalSection
	GlobalSection(ProjectConfigurationPlatforms) = postSolution
		{3A4FB893-1148-4E16-B548-867647DF1724}.RW1.4Unstable|Any CPU.ActiveCfg = RW1.4Unstable|Any CPU
		{3A4FB893-1148-4E16-B548-867647DF1724}.RW1.4Unstable|Any CPU.Build.0 = RW1.4Unstable|Any CPU
	EndGlobalSection
	GlobalSection(SolutionProperties) = preSolution
		HideSolutionNode = FALSE
	EndGlobalSection
	GlobalSection(ExtensibilityGlobals) = postSolution
		SolutionGuid = {430C2AFA-6D9A-4D63-9AD3-9444270A9E94}
	EndGlobalSection
EndGlobal
